# This file is automatically @generated by Poetry 2.3.1 and should not be changed by hand.

[[package]]
name = "pika"
version = "1.4.2"
description = "Pika Python AMQP Client Library"
optional = false
python-versions = ">=3.7"
groups = ["main"]
files = [
    {file = "pika-1.4.2-py3-none-any.whl", hash = "sha256:b1df7389cdffaa45856bd01ade4e81bd488e0e199c443faf0c7bea89015f373f"},
    {file = "pika-1.4.2.tar.gz", hash = "sha256:48d1f50297e76be4fc798fd5232d4d532d7a4758e51f7c0ae6c4004b9808a26b"},
]

[package.extras]
gevent = ["gevent"]
tornado = ["tornado"]
twisted = ["twisted"]

[metadata]
lock-version = "2.1"
python-versions = ">=3.8"
content-hash = "3888c7517a0e407f651fac0968b1ad6d37231ceee8bedb46dca86503d3ca7ff8"
